
Microsoft Visual Studio Solution File, Format Version 12.00
# Visual Studio 2013
Project("{FAE04EC0-301F-11D3-BF4B-00C04F79EFBC}") = "VK_Music", "VK_Music\VK_Music.csproj", "{be25d736-72dd-4848-9346-275ed5f9967d}"
EndProject
Global
	GlobalSection(SolutionConfigurationPlatforms) = preSolution
		Debug|Any CPU = Debug|Any CPU
		Release|Any CPU = Release|Any CPU
	EndGlobalSection
	GlobalSection(ProjectConfigurationPlatforms) = postSolution
		{BE25D736-72DD-4848-9346-275ED5F9967D}.Debug|Any CPU.ActiveCfg = Debug|Any CPU
		{BE25D736-72DD-4848-9346-275ED5F9967D}.Debug|Any CPU.Build.0 = Debug|Any CPU
		{BE25D736-72DD-4848-9346-275ED5F9967D}.Release|Any CPU.ActiveCfg = Release|Any CPU
		{BE25D736-72DD-4848-9346-275ED5F9967D}.Release|Any CPU.Build.0 = Release|Any CPU
	EndGlobalSection
EndGlobal
